
Microsoft Visual Studio Solution File, Format Version 12.00
# Visual Studio Version 16
VisualStudioVersion = 16.0.31328.270
MinimumVisualStudioVersion = 10.0.40219.1
Project("{FAE04EC0-301F-11D3-BF4B-00C04F79EFBC}") = "NewsFeed", "NewsFeed.csproj", "{5E9B2FB7-DCF0-43E1-91AA-F03077F49622}"
EndProject
Global
	GlobalSection(SolutionConfigurationPlatforms) = preSolution
		Debug|Any CPU = Debug|Any CPU
		Release|Any CPU = Release|Any CPU
	EndGlobalSection
	GlobalSection(ProjectConfigurationPlatforms) = postSolution
		{5E9B2FB7-DCF0-43E1-91AA-F03077F49622}.Debug|Any CPU.ActiveCfg = Debug|Any CPU
		{5E9B2FB7-DCF0-43E1-91AA-F03077F49622}.Debug|Any CPU.Build.0 = Debug|Any CPU
		{5E9B2FB7-DCF0-43E1-91AA-F03077F49622}.Release|Any CPU.ActiveCfg = Release|Any CPU
		{5E9B2FB7-DCF0-43E1-91AA-F03077F49622}.Release|Any CPU.Build.0 = Release|Any CPU
	EndGlobalSection
	GlobalSection(SolutionProperties) = preSolution
		HideSolutionNode = FALSE
	EndGlobalSection
	GlobalSection(ExtensibilityGlobals) = postSolution
		SolutionGuid = {5C5DFFBF-03C5-4CE1-AD2C-C5430E4A9F56}
	EndGlobalSection
EndGlobal
